// !$*UTF8*$!
{
	archiveVersion = 1;
	classes = {
	};
	objectVersion = 56;
	objects = {

/* Begin PBXBuildFile section */
		0A7198D62939FE6900645643 /* AppDelegate.swift in Sources */ = {isa = PBXBuildFile; fileRef = 0A7198D52939FE6900645643 /* AppDelegate.swift */; };
		0A7198D82939FE6900645643 /* SceneDelegate.swift in Sources */ = {isa = PBXBuildFile; fileRef = 0A7198D72939FE6900645643 /* SceneDelegate.swift */; };
		0A7198DA2939FE6900645643 /* ViewController.swift in Sources */ = {isa = PBXBuildFile; fileRef = 0A7198D92939FE6900645643 /* ViewController.swift */; };
		0A7198DD2939FE6900645643 /* Main.storyboard in Resources */ = {isa = PBXBuildFile; fileRef = 0A7198DB2939FE6900645643 /* Main.storyboard */; };
		0A7198E02939FE6900645643 /* ArchScratch.xcdatamodeld in Sources */ = {isa = PBXBuildFile; fileRef = 0A7198DE2939FE6900645643 /* ArchScratch.xcdatamodeld */; };
		0A7198E22939FE6900645643 /* Assets.xcassets in Resources */ = {isa = PBXBuildFile; fileRef = 0A7198E12939FE6900645643 /* Assets.xcassets */; };
		0A7198E52939FE6900645643 /* LaunchScreen.storyboard in Resources */ = {isa = PBXBuildFile; fileRef = 0A7198E32939FE6900645643 /* LaunchScreen.storyboard */; };
		0A7198F02939FE6900645643 /* ArchScratchTests.swift in Sources */ = {isa = PBXBuildFile; fileRef = 0A7198EF2939FE6900645643 /* ArchScratchTests.swift */; };
		0A7198FA2939FE6900645643 /* ArchScratchUITests.swift in Sources */ = {isa = PBXBuildFile; fileRef = 0A7198F92939FE6900645643 /* ArchScratchUITests.swift */; };
		0A7198FC2939FE6900645643 /* ArchScratchUITestsLaunchTests.swift in Sources */ = {isa = PBXBuildFile; fileRef = 0A7198FB2939FE6900645643 /* ArchScratchUITestsLaunchTests.swift */; };
		0A7199092939FEF000645643 /* Safe.swift in Sources */ = {isa = PBXBuildFile; fileRef = 0A7199082939FEF000645643 /* Safe.swift */; };
		0A71990B2939FEFE00645643 /* Store.swift in Sources */ = {isa = PBXBuildFile; fileRef = 0A71990A2939FEFE00645643 /* Store.swift */; };
		0A71990D2939FF0900645643 /* Backend.swift in Sources */ = {isa = PBXBuildFile; fileRef = 0A71990C2939FF0900645643 /* Backend.swift */; };
		0A71990F2939FF2100645643 /* Command.swift in Sources */ = {isa = PBXBuildFile; fileRef = 0A71990E2939FF2100645643 /* Command.swift */; };
		0A7199132939FF3800645643 /* Result.swift in Sources */ = {isa = PBXBuildFile; fileRef = 0A7199122939FF3800645643 /* Result.swift */; };
		0A7199152939FF5100645643 /* Event.swift in Sources */ = {isa = PBXBuildFile; fileRef = 0A7199142939FF5100645643 /* Event.swift */; };
		0A7199172939FF5800645643 /* Record.swift in Sources */ = {isa = PBXBuildFile; fileRef = 0A7199162939FF5800645643 /* Record.swift */; };
		0A7199192939FF6E00645643 /* Queue.swift in Sources */ = {isa = PBXBuildFile; fileRef = 0A7199182939FF6E00645643 /* Queue.swift */; };
		0A71991B2939FF8900645643 /* Clock.swift in Sources */ = {isa = PBXBuildFile; fileRef = 0A71991A2939FF8900645643 /* Clock.swift */; };
		0A71991D293A066E00645643 /* Object.swift in Sources */ = {isa = PBXBuildFile; fileRef = 0A71991C293A066E00645643 /* Object.swift */; };
		0A71991F293A1C9100645643 /* Medium.swift in Sources */ = {isa = PBXBuildFile; fileRef = 0A71991E293A1C9100645643 /* Medium.swift */; };
/* End PBXBuildFile section */

/* Begin PBXContainerItemProxy section */
		0A7198EC2939FE6900645643 /* PBXContainerItemProxy */ = {
			isa = PBXContainerItemProxy;
			containerPortal = 0A7198CA2939FE6800645643 /* Project object */;
			proxyType = 1;
			remoteGlobalIDString = 0A7198D12939FE6900645643;
			remoteInfo = ArchScratch;
		};
		0A7198F62939FE6900645643 /* PBXContainerItemProxy */ = {
			isa = PBXContainerItemProxy;
			containerPortal = 0A7198CA2939FE6800645643 /* Project object */;
			proxyType = 1;
			remoteGlobalIDString = 0A7198D12939FE6900645643;
			remoteInfo = ArchScratch;
		};
/* End PBXContainerItemProxy section */

/* Begin PBXFileReference section */
		0A7198D22939FE6900645643 /* ArchScratch.app */ = {isa = PBXFileReference; explicitFileType = wrapper.application; includeInIndex = 0; path = ArchScratch.app; sourceTree = BUILT_PRODUCTS_DIR; };
		0A7198D52939FE6900645643 /* AppDelegate.swift */ = {isa = PBXFileReference; lastKnownFileType = sourcecode.swift; path = AppDelegate.swift; sourceTree = "<group>"; };
		0A7198D72939FE6900645643 /* SceneDelegate.swift */ = {isa = PBXFileReference; lastKnownFileType = sourcecode.swift; path = SceneDelegate.swift; sourceTree = "<group>"; };
		0A7198D92939FE6900645643 /* ViewController.swift */ = {isa = PBXFileReference; lastKnownFileType = sourcecode.swift; path = ViewController.swift; sourceTree = "<group>"; };
		0A7198DC2939FE6900645643 /* Base */ = {isa = PBXFileReference; lastKnownFileType = file.storyboard; name = Base; path = Base.lproj/Main.storyboard; sourceTree = "<group>"; };
		0A7198DF2939FE6900645643 /* ArchScratch.xcdatamodel */ = {isa = PBXFileReference; lastKnownFileType = wrapper.xcdatamodel; path = ArchScratch.xcdatamodel; sourceTree = "<group>"; };
		0A7198E12939FE6900645643 /* Assets.xcassets */ = {isa = PBXFileReference; lastKnownFileType = folder.assetcatalog; path = Assets.xcassets; sourceTree = "<group>"; };
		0A7198E42939FE6900645643 /* Base */ = {isa = PBXFileReference; lastKnownFileType = file.storyboard; name = Base; path = Base.lproj/LaunchScreen.storyboard; sourceTree = "<group>"; };
		0A7198E62939FE6900645643 /* Info.plist */ = {isa = PBXFileReference; lastKnownFileType = text.plist.xml; path = Info.plist; sourceTree = "<group>"; };
		0A7198EB2939FE6900645643 /* ArchScratchTests.xctest */ = {isa = PBXFileReference; explicitFileType = wrapper.cfbundle; includeInIndex = 0; path = ArchScratchTests.xctest; sourceTree = BUILT_PRODUCTS_DIR; };
		0A7198EF2939FE6900645643 /* ArchScratchTests.swift */ = {isa = PBXFileReference; lastKnownFileType = sourcecode.swift; path = ArchScratchTests.swift; sourceTree = "<group>"; };
		0A7198F52939FE6900645643 /* ArchScratchUITests.xctest */ = {isa = PBXFileReference; explicitFileType = wrapper.cfbundle; includeInIndex = 0; path = ArchScratchUITests.xctest; sourceTree = BUILT_PRODUCTS_DIR; };
		0A7198F92939FE6900645643 /* ArchScratchUITests.swift */ = {isa = PBXFileReference; lastKnownFileType = sourcecode.swift; path = ArchScratchUITests.swift; sourceTree = "<group>"; };
		0A7198FB2939FE6900645643 /* ArchScratchUITestsLaunchTests.swift */ = {isa = PBXFileReference; lastKnownFileType = sourcecode.swift; path = ArchScratchUITestsLaunchTests.swift; sourceTree = "<group>"; };
		0A7199082939FEF000645643 /* Safe.swift */ = {isa = PBXFileReference; lastKnownFileType = sourcecode.swift; path = Safe.swift; sourceTree = "<group>"; };
		0A71990A2939FEFE00645643 /* Store.swift */ = {isa = PBXFileReference; lastKnownFileType = sourcecode.swift; path = Store.swift; sourceTree = "<group>"; };
		0A71990C2939FF0900645643 /* Backend.swift */ = {isa = PBXFileReference; lastKnownFileType = sourcecode.swift; path = Backend.swift; sourceTree = "<group>"; };
		0A71990E2939FF2100645643 /* Command.swift */ = {isa = PBXFileReference; lastKnownFileType = sourcecode.swift; path = Command.swift; sourceTree = "<group>"; };
		0A7199122939FF3800645643 /* Result.swift */ = {isa = PBXFileReference; lastKnownFileType = sourcecode.swift; path = Result.swift; sourceTree = "<group>"; };
		0A7199142939FF5100645643 /* Event.swift */ = {isa = PBXFileReference; lastKnownFileType = sourcecode.swift; path = Event.swift; sourceTree = "<group>"; };
		0A7199162939FF5800645643 /* Record.swift */ = {isa = PBXFileReference; lastKnownFileType = sourcecode.swift; path = Record.swift; sourceTree = "<group>"; };
		0A7199182939FF6E00645643 /* Queue.swift */ = {isa = PBXFileReference; lastKnownFileType = sourcecode.swift; path = Queue.swift; sourceTree = "<group>"; };
		0A71991A2939FF8900645643 /* Clock.swift */ = {isa = PBXFileReference; lastKnownFileType = sourcecode.swift; path = Clock.swift; sourceTree = "<group>"; };
		0A71991C293A066E00645643 /* Object.swift */ = {isa = PBXFileReference; lastKnownFileType = sourcecode.swift; path = Object.swift; sourceTree = "<group>"; };
		0A71991E293A1C9100645643 /* Medium.swift */ = {isa = PBXFileReference; lastKnownFileType = sourcecode.swift; path = Medium.swift; sourceTree = "<group>"; };
/* End PBXFileReference section */

/* Begin PBXFrameworksBuildPhase section */
		0A7198CF2939FE6900645643 /* Frameworks */ = {
			isa = PBXFrameworksBuildPhase;
			buildActionMask = 2147483647;
			files = (
			);
			runOnlyForDeploymentPostprocessing = 0;
		};
		0A7198E82939FE6900645643 /* Frameworks */ = {
			isa = PBXFrameworksBuildPhase;
			buildActionMask = 2147483647;
			files = (
			);
			runOnlyForDeploymentPostprocessing = 0;
		};
		0A7198F22939FE6900645643 /* Frameworks */ = {
			isa = PBXFrameworksBuildPhase;
			buildActionMask = 2147483647;
			files = (
			);
			runOnlyForDeploymentPostprocessing = 0;
		};
/* End PBXFrameworksBuildPhase section */

/* Begin PBXGroup section */
		0A7198C92939FE6800645643 = {
			isa = PBXGroup;
			children = (
				0A7198D42939FE6900645643 /* ArchScratch */,
				0A7198EE2939FE6900645643 /* ArchScratchTests */,
				0A7198F82939FE6900645643 /* ArchScratchUITests */,
				0A7198D32939FE6900645643 /* Products */,
			);
			sourceTree = "<group>";
		};
		0A7198D32939FE6900645643 /* Products */ = {
			isa = PBXGroup;
			children = (
				0A7198D22939FE6900645643 /* ArchScratch.app */,
				0A7198EB2939FE6900645643 /* ArchScratchTests.xctest */,
				0A7198F52939FE6900645643 /* ArchScratchUITests.xctest */,
			);
			name = Products;
			sourceTree = "<group>";
		};
		0A7198D42939FE6900645643 /* ArchScratch */ = {
			isa = PBXGroup;
			children = (
				0A7198D52939FE6900645643 /* AppDelegate.swift */,
				0A7198D72939FE6900645643 /* SceneDelegate.swift */,
				0A7198D92939FE6900645643 /* ViewController.swift */,
				0A7199082939FEF000645643 /* Safe.swift */,
				0A71991C293A066E00645643 /* Object.swift */,
				0A7199162939FF5800645643 /* Record.swift */,
				0A71990A2939FEFE00645643 /* Store.swift */,
				0A71990E2939FF2100645643 /* Command.swift */,
				0A7199122939FF3800645643 /* Result.swift */,
				0A71990C2939FF0900645643 /* Backend.swift */,
				0A7199182939FF6E00645643 /* Queue.swift */,
				0A7199142939FF5100645643 /* Event.swift */,
				0A71991A2939FF8900645643 /* Clock.swift */,
				0A71991E293A1C9100645643 /* Medium.swift */,
				0A7198DB2939FE6900645643 /* Main.storyboard */,
				0A7198E12939FE6900645643 /* Assets.xcassets */,
				0A7198E32939FE6900645643 /* LaunchScreen.storyboard */,
				0A7198E62939FE6900645643 /* Info.plist */,
				0A7198DE2939FE6900645643 /* ArchScratch.xcdatamodeld */,
			);
			path = ArchScratch;
			sourceTree = "<group>";
		};
		0A7198EE2939FE6900645643 /* ArchScratchTests */ = {
			isa = PBXGroup;
			children = (
				0A7198EF2939FE6900645643 /* ArchScratchTests.swift */,
			);
			path = ArchScratchTests;
			sourceTree = "<group>";
		};
		0A7198F82939FE6900645643 /* ArchScratchUITests */ = {
			isa = PBXGroup;
			children = (
				0A7198F92939FE6900645643 /* ArchScratchUITests.swift */,
				0A7198FB2939FE6900645643 /* ArchScratchUITestsLaunchTests.swift */,
			);
			path = ArchScratchUITests;
			sourceTree = "<group>";
		};
/* End PBXGroup section */

/* Begin PBXNativeTarget section */
		0A7198D12939FE6900645643 /* ArchScratch */ = {
			isa = PBXNativeTarget;
			buildConfigurationList = 0A7198FF2939FE6900645643 /* Build configuration list for PBXNativeTarget "ArchScratch" */;
			buildPhases = (
				0A7198CE2939FE6900645643 /* Sources */,
				0A7198CF2939FE6900645643 /* Frameworks */,
				0A7198D02939FE6900645643 /* Resources */,
			);
			buildRules = (
			);
			dependencies = (
			);
			name = ArchScratch;
			productName = ArchScratch;
			productReference = 0A7198D22939FE6900645643 /* ArchScratch.app */;
			productType = "com.apple.product-type.application";
		};
		0A7198EA2939FE6900645643 /* ArchScratchTests */ = {
			isa = PBXNativeTarget;
			buildConfigurationList = 0A7199022939FE6900645643 /* Build configuration list for PBXNativeTarget "ArchScratchTests" */;
			buildPhases = (
				0A7198E72939FE6900645643 /* Sources */,
				0A7198E82939FE6900645643 /* Frameworks */,
				0A7198E92939FE6900645643 /* Resources */,
			);
			buildRules = (
			);
			dependencies = (
				0A7198ED2939FE6900645643 /* PBXTargetDependency */,
			);
			name = ArchScratchTests;
			productName = ArchScratchTests;
			productReference = 0A7198EB2939FE6900645643 /* ArchScratchTests.xctest */;
			productType = "com.apple.product-type.bundle.unit-test";
		};
		0A7198F42939FE6900645643 /* ArchScratchUITests */ = {
			isa = PBXNativeTarget;
			buildConfigurationList = 0A7199052939FE6900645643 /* Build configuration list for PBXNativeTarget "ArchScratchUITests" */;
			buildPhases = (
				0A7198F12939FE6900645643 /* Sources */,
				0A7198F22939FE6900645643 /* Frameworks */,
				0A7198F32939FE6900645643 /* Resources */,
			);
			buildRules = (
			);
			dependencies = (
				0A7198F72939FE6900645643 /* PBXTargetDependency */,
			);
			name = ArchScratchUITests;
			productName = ArchScratchUITests;
			productReference = 0A7198F52939FE6900645643 /* ArchScratchUITests.xctest */;
			productType = "com.apple.product-type.bundle.ui-testing";
		};
/* End PBXNativeTarget section */

/* Begin PBXProject section */
		0A7198CA2939FE6800645643 /* Project object */ = {
			isa = PBXProject;
			attributes = {
				BuildIndependentTargetsInParallel = 1;
				LastSwiftUpdateCheck = 1410;
				LastUpgradeCheck = 1410;
				TargetAttributes = {
					0A7198D12939FE6900645643 = {
						CreatedOnToolsVersion = 14.1;
					};
					0A7198EA2939FE6900645643 = {
						CreatedOnToolsVersion = 14.1;
						TestTargetID = 0A7198D12939FE6900645643;
					};
					0A7198F42939FE6900645643 = {
						CreatedOnToolsVersion = 14.1;
						TestTargetID = 0A7198D12939FE6900645643;
					};
				};
			};
			buildConfigurationList = 0A7198CD2939FE6800645643 /* Build configuration list for PBXProject "ArchScratch" */;
			compatibilityVersion = "Xcode 14.0";
			developmentRegion = en;
			hasScannedForEncodings = 0;
			knownRegions = (
				en,
				Base,
			);
			mainGroup = 0A7198C92939FE6800645643;
			productRefGroup = 0A7198D32939FE6900645643 /* Products */;
			projectDirPath = "";
			projectRoot = "";
			targets = (
				0A7198D12939FE6900645643 /* ArchScratch */,
				0A7198EA2939FE6900645643 /* ArchScratchTests */,
				0A7198F42939FE6900645643 /* ArchScratchUITests */,
			);
		};
/* End PBXProject section */

/* Begin PBXResourcesBuildPhase section */
		0A7198D02939FE6900645643 /* Resources */ = {
			isa = PBXResourcesBuildPhase;
			buildActionMask = 2147483647;
			files = (
				0A7198E52939FE6900645643 /* LaunchScreen.storyboard in Resources */,
				0A7198E22939FE6900645643 /* Assets.xcassets in Resources */,
				0A7198DD2939FE6900645643 /* Main.storyboard in Resources */,
			);
			runOnlyForDeploymentPostprocessing = 0;
		};
		0A7198E92939FE6900645643 /* Resources */ = {
			isa = PBXResourcesBuildPhase;
			buildActionMask = 2147483647;
			files = (
			);
			runOnlyForDeploymentPostprocessing = 0;
		};
		0A7198F32939FE6900645643 /* Resources */ = {
			isa = PBXResourcesBuildPhase;
			buildActionMask = 2147483647;
			files = (
			);
			runOnlyForDeploymentPostprocessing = 0;
		};
/* End PBXResourcesBuildPhase section */

/* Begin PBXSourcesBuildPhase section */
		0A7198CE2939FE6900645643 /* Sources */ = {
			isa = PBXSourcesBuildPhase;
			buildActionMask = 2147483647;
			files = (
				0A7199132939FF3800645643 /* Result.swift in Sources */,
				0A7198DA2939FE6900645643 /* ViewController.swift in Sources */,
				0A7198D62939FE6900645643 /* AppDelegate.swift in Sources */,
				0A7198E02939FE6900645643 /* ArchScratch.xcdatamodeld in Sources */,
				0A7199152939FF5100645643 /* Event.swift in Sources */,
				0A71991B2939FF8900645643 /* Clock.swift in Sources */,
				0A71990B2939FEFE00645643 /* Store.swift in Sources */,
				0A7199172939FF5800645643 /* Record.swift in Sources */,
				0A7199192939FF6E00645643 /* Queue.swift in Sources */,
				0A71991F293A1C9100645643 /* Medium.swift in Sources */,
				0A7199092939FEF000645643 /* Safe.swift in Sources */,
				0A71991D293A066E00645643 /* Object.swift in Sources */,
				0A71990D2939FF0900645643 /* Backend.swift in Sources */,
				0A7198D82939FE6900645643 /* SceneDelegate.swift in Sources */,
				0A71990F2939FF2100645643 /* Command.swift in Sources */,
			);
			runOnlyForDeploymentPostprocessing = 0;
		};
		0A7198E72939FE6900645643 /* Sources */ = {
			isa = PBXSourcesBuildPhase;
			buildActionMask = 2147483647;
			files = (
				0A7198F02939FE6900645643 /* ArchScratchTests.swift in Sources */,
			);
			runOnlyForDeploymentPostprocessing = 0;
		};
		0A7198F12939FE6900645643 /* Sources */ = {
			isa = PBXSourcesBuildPhase;
			buildActionMask = 2147483647;
			files = (
				0A7198FA2939FE6900645643 /* ArchScratchUITests.swift in Sources */,
				0A7198FC2939FE6900645643 /* ArchScratchUITestsLaunchTests.swift in Sources */,
			);
			runOnlyForDeploymentPostprocessing = 0;
		};
/* End PBXSourcesBuildPhase section */

/* Begin PBXTargetDependency section */
		0A7198ED2939FE6900645643 /* PBXTargetDependency */ = {
			isa = PBXTargetDependency;
			target = 0A7198D12939FE6900645643 /* ArchScratch */;
			targetProxy = 0A7198EC2939FE6900645643 /* PBXContainerItemProxy */;
		};
		0A7198F72939FE6900645643 /* PBXTargetDependency */ = {
			isa = PBXTargetDependency;
			target = 0A7198D12939FE6900645643 /* ArchScratch */;
			targetProxy = 0A7198F62939FE6900645643 /* PBXContainerItemProxy */;
		};
/* End PBXTargetDependency section */

/* Begin PBXVariantGroup section */
		0A7198DB2939FE6900645643 /* Main.storyboard */ = {
			isa = PBXVariantGroup;
			children = (
				0A7198DC2939FE6900645643 /* Base */,
			);
			name = Main.storyboard;
			sourceTree = "<group>";
		};
		0A7198E32939FE6900645643 /* LaunchScreen.storyboard */ = {
			isa = PBXVariantGroup;
			children = (
				0A7198E42939FE6900645643 /* Base */,
			);
			name = LaunchScreen.storyboard;
			sourceTree = "<group>";
		};
/* End PBXVariantGroup section */

/* Begin XCBuildConfiguration section */
		0A7198FD2939FE6900645643 /* Debug */ = {
			isa = XCBuildConfiguration;
			buildSettings = {
				ALWAYS_SEARCH_USER_PATHS = NO;
				CLANG_ANALYZER_NONNULL = YES;
				CLANG_ANALYZER_NUMBER_OBJECT_CONVERSION = YES_AGGRESSIVE;
				CLANG_CXX_LANGUAGE_STANDARD = "gnu++20";
				CLANG_ENABLE_MODULES = YES;
				CLANG_ENABLE_OBJC_ARC = YES;
				CLANG_ENABLE_OBJC_WEAK = YES;
				CLANG_WARN_BLOCK_CAPTURE_AUTORELEASING = YES;
				CLANG_WARN_BOOL_CONVERSION = YES;
				CLANG_WARN_COMMA = YES;
				CLANG_WARN_CONSTANT_CONVERSION = YES;
				CLANG_WARN_DEPRECATED_OBJC_IMPLEMENTATIONS = YES;
				CLANG_WARN_DIRECT_OBJC_ISA_USAGE = YES_ERROR;
				CLANG_WARN_DOCUMENTATION_COMMENTS = YES;
				CLANG_WARN_EMPTY_BODY = YES;
				CLANG_WARN_ENUM_CONVERSION = YES;
				CLANG_WARN_INFINITE_RECURSION = YES;
				CLANG_WARN_INT_CONVERSION = YES;
				CLANG_WARN_NON_LITERAL_NULL_CONVERSION = YES;
				CLANG_WARN_OBJC_IMPLICIT_RETAIN_SELF = YES;
				CLANG_WARN_OBJC_LITERAL_CONVERSION = YES;
				CLANG_WARN_OBJC_ROOT_CLASS = YES_ERROR;
				CLANG_WARN_QUOTED_INCLUDE_IN_FRAMEWORK_HEADER = YES;
				CLANG_WARN_RANGE_LOOP_ANALYSIS = YES;
				CLANG_WARN_STRICT_PROTOTYPES = YES;
				CLANG_WARN_SUSPICIOUS_MOVE = YES;
				CLANG_WARN_UNGUARDED_AVAILABILITY = YES_AGGRESSIVE;
				CLANG_WARN_UNREACHABLE_CODE = YES;
				CLANG_WARN__DUPLICATE_METHOD_MATCH = YES;
				COPY_PHASE_STRIP = NO;
				DEBUG_INFORMATION_FORMAT = dwarf;
				ENABLE_STRICT_OBJC_MSGSEND = YES;
				ENABLE_TESTABILITY = YES;
				GCC_C_LANGUAGE_STANDARD = gnu11;
				GCC_DYNAMIC_NO_PIC = NO;
				GCC_NO_COMMON_BLOCKS = YES;
				GCC_OPTIMIZATION_LEVEL = 0;
				GCC_PREPROCESSOR_DEFINITIONS = (
					"DEBUG=1",
					"$(inherited)",
				);
				GCC_WARN_64_TO_32_BIT_CONVERSION = YES;
				GCC_WARN_ABOUT_RETURN_TYPE = YES_ERROR;
				GCC_WARN_UNDECLARED_SELECTOR = YES;
				GCC_WARN_UNINITIALIZED_AUTOS = YES_AGGRESSIVE;
				GCC_WARN_UNUSED_FUNCTION = YES;
				GCC_WARN_UNUSED_VARIABLE = YES;
				IPHONEOS_DEPLOYMENT_TARGET = 16.1;
				MTL_ENABLE_DEBUG_INFO = INCLUDE_SOURCE;
				MTL_FAST_MATH = YES;
				ONLY_ACTIVE_ARCH = YES;
				SDKROOT = iphoneos;
				SWIFT_ACTIVE_COMPILATION_CONDITIONS = DEBUG;
				SWIFT_OPTIMIZATION_LEVEL = "-Onone";
			};
			name = Debug;
		};
		0A7198FE2939FE6900645643 /* Release */ = {
			isa = XCBuildConfiguration;
			buildSettings = {
				ALWAYS_SEARCH_USER_PATHS = NO;
				CLANG_ANALYZER_NONNULL = YES;
				CLANG_ANALYZER_NUMBER_OBJECT_CONVERSION = YES_AGGRESSIVE;
				CLANG_CXX_LANGUAGE_STANDARD = "gnu++20";
				CLANG_ENABLE_MODULES = YES;
				CLANG_ENABLE_OBJC_ARC = YES;
				CLANG_ENABLE_OBJC_WEAK = YES;
				CLANG_WARN_BLOCK_CAPTURE_AUTORELEASING = YES;
				CLANG_WARN_BOOL_CONVERSION = YES;
				CLANG_WARN_COMMA = YES;
				CLANG_WARN_CONSTANT_CONVERSION = YES;
				CLANG_WARN_DEPRECATED_OBJC_IMPLEMENTATIONS = YES;
				CLANG_WARN_DIRECT_OBJC_ISA_USAGE = YES_ERROR;
				CLANG_WARN_DOCUMENTATION_COMMENTS = YES;
				CLANG_WARN_EMPTY_BODY = YES;
				CLANG_WARN_ENUM_CONVERSION = YES;
				CLANG_WARN_INFINITE_RECURSION = YES;
				CLANG_WARN_INT_CONVERSION = YES;
				CLANG_WARN_NON_LITERAL_NULL_CONVERSION = YES;
				CLANG_WARN_OBJC_IMPLICIT_RETAIN_SELF = YES;
				CLANG_WARN_OBJC_LITERAL_CONVERSION = YES;
				CLANG_WARN_OBJC_ROOT_CLASS = YES_ERROR;
				CLANG_WARN_QUOTED_INCLUDE_IN_FRAMEWORK_HEADER = YES;
				CLANG_WARN_RANGE_LOOP_ANALYSIS = YES;
				CLANG_WARN_STRICT_PROTOTYPES = YES;
				CLANG_WARN_SUSPICIOUS_MOVE = YES;
				CLANG_WARN_UNGUARDED_AVAILABILITY = YES_AGGRESSIVE;
				CLANG_WARN_UNREACHABLE_CODE = YES;
				CLANG_WARN__DUPLICATE_METHOD_MATCH = YES;
				COPY_PHASE_STRIP = NO;
				DEBUG_INFORMATION_FORMAT = "dwarf-with-dsym";
				ENABLE_NS_ASSERTIONS = NO;
				ENABLE_STRICT_OBJC_MSGSEND = YES;
				GCC_C_LANGUAGE_STANDARD = gnu11;
				GCC_NO_COMMON_BLOCKS = YES;
				GCC_WARN_64_TO_32_BIT_CONVERSION = YES;
				GCC_WARN_ABOUT_RETURN_TYPE = YES_ERROR;
				GCC_WARN_UNDECLARED_SELECTOR = YES;
				GCC_WARN_UNINITIALIZED_AUTOS = YES_AGGRESSIVE;
				GCC_WARN_UNUSED_FUNCTION = YES;
				GCC_WARN_UNUSED_VARIABLE = YES;
				IPHONEOS_DEPLOYMENT_TARGET = 16.1;
				MTL_ENABLE_DEBUG_INFO = NO;
				MTL_FAST_MATH = YES;
				SDKROOT = iphoneos;
				SWIFT_COMPILATION_MODE = wholemodule;
				SWIFT_OPTIMIZATION_LEVEL = "-O";
				VALIDATE_PRODUCT = YES;
			};
			name = Release;
		};
		0A7199002939FE6900645643 /* Debug */ = {
			isa = XCBuildConfiguration;
			buildSettings = {
				ASSETCATALOG_COMPILER_APPICON_NAME = AppIcon;
				ASSETCATALOG_COMPILER_GLOBAL_ACCENT_COLOR_NAME = AccentColor;
				CODE_SIGN_STYLE = Automatic;
				CURRENT_PROJECT_VERSION = 1;
				DEVELOPMENT_TEAM = ZKG876RKJ8;
				GENERATE_INFOPLIST_FILE = YES;
				INFOPLIST_FILE = ArchScratch/Info.plist;
				INFOPLIST_KEY_UIApplicationSupportsIndirectInputEvents = YES;
				INFOPLIST_KEY_UILaunchStoryboardName = LaunchScreen;
				INFOPLIST_KEY_UIMainStoryboardFile = Main;
				INFOPLIST_KEY_UISupportedInterfaceOrientations_iPad = "UIInterfaceOrientationPortrait UIInterfaceOrientationPortraitUpsideDown UIInterfaceOrientationLandscapeLeft UIInterfaceOrientationLandscapeRight";
				INFOPLIST_KEY_UISupportedInterfaceOrientations_iPhone = "UIInterfaceOrientationPortrait UIInterfaceOrientationLandscapeLeft UIInterfaceOrientationLandscapeRight";
				LD_RUNPATH_SEARCH_PATHS = (
					"$(inherited)",
					"@executable_path/Frameworks",
				);
				MARKETING_VERSION = 1.0;
				PRODUCT_BUNDLE_IDENTIFIER = io.gnosis.ArchScratch;
				PRODUCT_NAME = "$(TARGET_NAME)";
				SWIFT_EMIT_LOC_STRINGS = YES;
				SWIFT_VERSION = 5.0;
				TARGETED_DEVICE_FAMILY = "1,2";
			};
			name = Debug;
		};
		0A7199012939FE6900645643 /* Release */ = {
			isa = XCBuildConfiguration;
			buildSettings = {
				ASSETCATALOG_COMPILER_APPICON_NAME = AppIcon;
				ASSETCATALOG_COMPILER_GLOBAL_ACCENT_COLOR_NAME = AccentColor;
				CODE_SIGN_STYLE = Automatic;
				CURRENT_PROJECT_VERSION = 1;
				DEVELOPMENT_TEAM = ZKG876RKJ8;
				GENERATE_INFOPLIST_FILE = YES;
				INFOPLIST_FILE = ArchScratch/Info.plist;
				INFOPLIST_KEY_UIApplicationSupportsIndirectInputEvents = YES;
				INFOPLIST_KEY_UILaunchStoryboardName = LaunchScreen;
				INFOPLIST_KEY_UIMainStoryboardFile = Main;
				INFOPLIST_KEY_UISupportedInterfaceOrientations_iPad = "UIInterfaceOrientationPortrait UIInterfaceOrientationPortraitUpsideDown UIInterfaceOrientationLandscapeLeft UIInterfaceOrientationLandscapeRight";
				INFOPLIST_KEY_UISupportedInterfaceOrientations_iPhone = "UIInterfaceOrientationPortrait UIInterfaceOrientationLandscapeLeft UIInterfaceOrientationLandscapeRight";
				LD_RUNPATH_SEARCH_PATHS = (
					"$(inherited)",
					"@executable_path/Frameworks",
				);
				MARKETING_VERSION = 1.0;
				PRODUCT_BUNDLE_IDENTIFIER = io.gnosis.ArchScratch;
				PRODUCT_NAME = "$(TARGET_NAME)";
				SWIFT_EMIT_LOC_STRINGS = YES;
				SWIFT_VERSION = 5.0;
				TARGETED_DEVICE_FAMILY = "1,2";
			};
			name = Release;
		};
		0A7199032939FE6900645643 /* Debug */ = {
			isa = XCBuildConfiguration;
			buildSettings = {
				ALWAYS_EMBED_SWIFT_STANDARD_LIBRARIES = YES;
				BUNDLE_LOADER = "$(TEST_HOST)";
				CODE_SIGN_STYLE = Automatic;
				CURRENT_PROJECT_VERSION = 1;
				DEVELOPMENT_TEAM = ZKG876RKJ8;
				GENERATE_INFOPLIST_FILE = YES;
				IPHONEOS_DEPLOYMENT_TARGET = 16.1;
				MARKETING_VERSION = 1.0;
				PRODUCT_BUNDLE_IDENTIFIER = io.gnosis.ArchScratchTests;
				PRODUCT_NAME = "$(TARGET_NAME)";
				SWIFT_EMIT_LOC_STRINGS = NO;
				SWIFT_VERSION = 5.0;
				TARGETED_DEVICE_FAMILY = "1,2";
				TEST_HOST = "$(BUILT_PRODUCTS_DIR)/ArchScratch.app/$(BUNDLE_EXECUTABLE_FOLDER_PATH)/ArchScratch";
			};
			name = Debug;
		};
		0A7199042939FE6900645643 /* Release */ = {
			isa = XCBuildConfiguration;
			buildSettings = {
				ALWAYS_EMBED_SWIFT_STANDARD_LIBRARIES = YES;
				BUNDLE_LOADER = "$(TEST_HOST)";
				CODE_SIGN_STYLE = Automatic;
				CURRENT_PROJECT_VERSION = 1;
				DEVELOPMENT_TEAM = ZKG876RKJ8;
				GENERATE_INFOPLIST_FILE = YES;
				IPHONEOS_DEPLOYMENT_TARGET = 16.1;
				MARKETING_VERSION = 1.0;
				PRODUCT_BUNDLE_IDENTIFIER = io.gnosis.ArchScratchTests;
				PRODUCT_NAME = "$(TARGET_NAME)";
				SWIFT_EMIT_LOC_STRINGS = NO;
				SWIFT_VERSION = 5.0;
				TARGETED_DEVICE_FAMILY = "1,2";
				TEST_HOST = "$(BUILT_PRODUCTS_DIR)/ArchScratch.app/$(BUNDLE_EXECUTABLE_FOLDER_PATH)/ArchScratch";
			};
			name = Release;
		};
		0A7199062939FE6900645643 /* Debug */ = {
			isa = XCBuildConfiguration;
			buildSettings = {
				ALWAYS_EMBED_SWIFT_STANDARD_LIBRARIES = YES;
				CODE_SIGN_STYLE = Automatic;
				CURRENT_PROJECT_VERSION = 1;
				DEVELOPMENT_TEAM = ZKG876RKJ8;
				GENERATE_INFOPLIST_FILE = YES;
				MARKETING_VERSION = 1.0;
				PRODUCT_BUNDLE_IDENTIFIER = io.gnosis.ArchScratchUITests;
				PRODUCT_NAME = "$(TARGET_NAME)";
				SWIFT_EMIT_LOC_STRINGS = NO;
				SWIFT_VERSION = 5.0;
				TARGETED_DEVICE_FAMILY = "1,2";
				TEST_TARGET_NAME = ArchScratch;
			};
			name = Debug;
		};
		0A7199072939FE6900645643 /* Release */ = {
			isa = XCBuildConfiguration;
			buildSettings = {
				ALWAYS_EMBED_SWIFT_STANDARD_LIBRARIES = YES;
				CODE_SIGN_STYLE = Automatic;
				CURRENT_PROJECT_VERSION = 1;
				DEVELOPMENT_TEAM = ZKG876RKJ8;
				GENERATE_INFOPLIST_FILE = YES;
				MARKETING_VERSION = 1.0;
				PRODUCT_BUNDLE_IDENTIFIER = io.gnosis.ArchScratchUITests;
				PRODUCT_NAME = "$(TARGET_NAME)";
				SWIFT_EMIT_LOC_STRINGS = NO;
				SWIFT_VERSION = 5.0;
				TARGETED_DEVICE_FAMILY = "1,2";
				TEST_TARGET_NAME = ArchScratch;
			};
			name = Release;
		};
/* End XCBuildConfiguration section */

/* Begin XCConfigurationList section */
		0A7198CD2939FE6800645643 /* Build configuration list for PBXProject "ArchScratch" */ = {
			isa = XCConfigurationList;
			buildConfigurations = (
				0A7198FD2939FE6900645643 /* Debug */,
				0A7198FE2939FE6900645643 /* Release */,
			);
			defaultConfigurationIsVisible = 0;
			defaultConfigurationName = Release;
		};
		0A7198FF2939FE6900645643 /* Build configuration list for PBXNativeTarget "ArchScratch" */ = {
			isa = XCConfigurationList;
			buildConfigurations = (
				0A7199002939FE6900645643 /* Debug */,
				0A7199012939FE6900645643 /* Release */,
			);
			defaultConfigurationIsVisible = 0;
			defaultConfigurationName = Release;
		};
		0A7199022939FE6900645643 /* Build configuration list for PBXNativeTarget "ArchScratchTests" */ = {
			isa = XCConfigurationList;
			buildConfigurations = (
				0A7199032939FE6900645643 /* Debug */,
				0A7199042939FE6900645643 /* Release */,
			);
			defaultConfigurationIsVisible = 0;
			defaultConfigurationName = Release;
		};
		0A7199052939FE6900645643 /* Build configuration list for PBXNativeTarget "ArchScratchUITests" */ = {
			isa = XCConfigurationList;
			buildConfigurations = (
				0A7199062939FE6900645643 /* Debug */,
				0A7199072939FE6900645643 /* Release */,
			);
			defaultConfigurationIsVisible = 0;
			defaultConfigurationName = Release;
		};
/* End XCConfigurationList section */

/* Begin XCVersionGroup section */
		0A7198DE2939FE6900645643 /* ArchScratch.xcdatamodeld */ = {
			isa = XCVersionGroup;
			children = (
				0A7198DF2939FE6900645643 /* ArchScratch.xcdatamodel */,
			);
			currentVersion = 0A7198DF2939FE6900645643 /* ArchScratch.xcdatamodel */;
			path = ArchScratch.xcdatamodeld;
			sourceTree = "<group>";
			versionGroupType = wrapper.xcdatamodel;
		};
/* End XCVersionGroup section */
	};
	rootObject = 0A7198CA2939FE6800645643 /* Project object */;
}
